
Microsoft Visual Studio Solution File, Format Version 12.00
# Visual Studio 15
VisualStudioVersion = 15.0.28307.102
MinimumVisualStudioVersion = 10.0.40219.1
Project("{FAE04EC0-301F-11D3-BF4B-00C04F79EFBC}") = "Inventory.Adjustment.UI", "Inventory.Adjustment\Inventory.Adjustment.UI.csproj", "{3F18994E-7E27-496F-A58D-1D208F59C0FC}"
EndProject
Project("{FAE04EC0-301F-11D3-BF4B-00C04F79EFBC}") = "Inventory.Adjustment.UI.Infrastructure", "Inventory.Adjustment.UI.Infrastructure\Inventory.Adjustment.UI.Infrastructure.csproj", "{70B103D5-7E78-4D63-B7C0-F480517D06EC}"
EndProject
Project("{FAE04EC0-301F-11D3-BF4B-00C04F79EFBC}") = "Inventory.Adjustment.Data", "Inventory.Adjustment.Data\Inventory.Adjustment.Data.csproj", "{0F71D242-D4A0-4E24-A907-FDDEFA72D41C}"
EndProject
Project("{FAE04EC0-301F-11D3-BF4B-00C04F79EFBC}") = "Inventory.Adjustment.Client.QuickBooksClient", "Inventory.Adjustment.Client.QuickBooksClient\Inventory.Adjustment.Client.QuickBooksClient.csproj", "{E6593514-C43D-4577-A6F2-D36BC176F317}"
EndProject
Project("{FAE04EC0-301F-11D3-BF4B-00C04F79EFBC}") = "Inventory.Adjustment.Client.QuickBooksClient.Tests", "Inventory.Adjustment.Client.QuickBooksClient.Tests\Inventory.Adjustment.Client.QuickBooksClient.Tests.csproj", "{57F177E5-C386-484D-AC46-82F1DB42B7F8}"
EndProject
Global
	GlobalSection(SolutionConfigurationPlatforms) = preSolution
		Debug|Any CPU = Debug|Any CPU
		Release|Any CPU = Release|Any CPU
	EndGlobalSection
	GlobalSection(ProjectConfigurationPlatforms) = postSolution
		{3F18994E-7E27-496F-A58D-1D208F59C0FC}.Debug|Any CPU.ActiveCfg = Debug|Any CPU
		{3F18994E-7E27-496F-A58D-1D208F59C0FC}.Debug|Any CPU.Build.0 = Debug|Any CPU
		{3F18994E-7E27-496F-A58D-1D208F59C0FC}.Release|Any CPU.ActiveCfg = Release|Any CPU
		{3F18994E-7E27-496F-A58D-1D208F59C0FC}.Release|Any CPU.Build.0 = Release|Any CPU
		{70B103D5-7E78-4D63-B7C0-F480517D06EC}.Debug|Any CPU.ActiveCfg = Debug|Any CPU
		{70B103D5-7E78-4D63-B7C0-F480517D06EC}.Debug|Any CPU.Build.0 = Debug|Any CPU
		{70B103D5-7E78-4D63-B7C0-F480517D06EC}.Release|Any CPU.ActiveCfg = Release|Any CPU
		{70B103D5-7E78-4D63-B7C0-F480517D06EC}.Release|Any CPU.Build.0 = Release|Any CPU
		{0F71D242-D4A0-4E24-A907-FDDEFA72D41C}.Debug|Any CPU.ActiveCfg = Debug|Any CPU
		{0F71D242-D4A0-4E24-A907-FDDEFA72D41C}.Debug|Any CPU.Build.0 = Debug|Any CPU
		{0F71D242-D4A0-4E24-A907-FDDEFA72D41C}.Release|Any CPU.ActiveCfg = Release|Any CPU
		{0F71D242-D4A0-4E24-A907-FDDEFA72D41C}.Release|Any CPU.Build.0 = Release|Any CPU
		{E6593514-C43D-4577-A6F2-D36BC176F317}.Debug|Any CPU.ActiveCfg = Debug|Any CPU
		{E6593514-C43D-4577-A6F2-D36BC176F317}.Debug|Any CPU.Build.0 = Debug|Any CPU
		{E6593514-C43D-4577-A6F2-D36BC176F317}.Release|Any CPU.ActiveCfg = Release|Any CPU
		{E6593514-C43D-4577-A6F2-D36BC176F317}.Release|Any CPU.Build.0 = Release|Any CPU
		{57F177E5-C386-484D-AC46-82F1DB42B7F8}.Debug|Any CPU.ActiveCfg = Debug|Any CPU
		{57F177E5-C386-484D-AC46-82F1DB42B7F8}.Debug|Any CPU.Build.0 = Debug|Any CPU
		{57F177E5-C386-484D-AC46-82F1DB42B7F8}.Release|Any CPU.ActiveCfg = Release|Any CPU
		{57F177E5-C386-484D-AC46-82F1DB42B7F8}.Release|Any CPU.Build.0 = Release|Any CPU
	EndGlobalSection
	GlobalSection(SolutionProperties) = preSolution
		HideSolutionNode = FALSE
	EndGlobalSection
	GlobalSection(ExtensibilityGlobals) = postSolution
		SolutionGuid = {DB9C4E4B-44BD-4F72-8A39-A1F0A56D2943}
	EndGlobalSection
EndGlobal
